<?xml version="1.0" encoding="utf-8"?>
<Project DefaultTargets="Build" ToolsVersion="4.0" xmlns="http://schemas.microsoft.com/developer/msbuild/2003">
  <ItemGroup>
    <Filter Include="源文件">
      <UniqueIdentifier>{9d83acb7-1579-4e5f-be19-0f5b4ae8c3cc}</UniqueIdentifier>
      <Extensions>cpp;c;cc;cxx;def;odl;idl;hpj;bat;asm;asmx</Extensions>
    </Filter>
    <Filter Include="头文件">
      <UniqueIdentifier>{1e55289a-19d4-4a22-a325-66f041935b04}</UniqueIdentifier>
      <Extensions>h;hpp;hxx;hm;inl;inc;xsd</Extensions>
    </Filter>
    <Filter Include="项目说明">
      <UniqueIdentifier>{dbf02dd9-88df-4c8f-b523-318b74129acf}</UniqueIdentifier>
      <Extensions>txt</Extensions>
    </Filter>
    <Filter Include="源文件\CMSIS">
      <UniqueIdentifier>{1eacc804-df59-4811-86e4-7f371c6323b9}</UniqueIdentifier>
    </Filter>
    <Filter Include="源文件\Startup">
      <UniqueIdentifier>{8d36b63e-5b15-4515-83eb-4633a066eb0c}</UniqueIdentifier>
    </Filter>
    <Filter Include="源文件\STD_Periph_Drivers">
      <UniqueIdentifier>{87e7bae8-db1e-4817-923b-0b91b947e7de}</UniqueIdentifier>
    </Filter>
    <Filter Include="源文件\TM">
      <UniqueIdentifier>{4bdfd440-7159-4881-928f-e2676d2bd53b}</UniqueIdentifier>
    </Filter>
    <Filter Include="源文件\User">
      <UniqueIdentifier>{cd58b9e4-100e-4a4e-bf03-37cffef69d70}</UniqueIdentifier>
    </Filter>
    <Filter Include="源文件\USB CDC Device">
      <UniqueIdentifier>{12b1aeaf-ca48-455b-bff9-d399dbc7fe3b}</UniqueIdentifier>
    </Filter>
  </ItemGroup>
  <ItemGroup>
    <ClCompile Include="..\..\00-STM32F4xx_STANDARD_PERIPHERAL_DRIVERS\STM32F4xx_StdPeriph_Driver\src\misc.c">
      <Filter>源文件\STD_Periph_Drivers</Filter>
    </ClCompile>
    <ClCompile Include="..\..\00-STM32F4xx_STANDARD_PERIPHERAL_DRIVERS\STM32F4xx_StdPeriph_Driver\src\stm32f4xx_rcc.c">
      <Filter>源文件\STD_Periph_Drivers</Filter>
    </ClCompile>
    <ClCompile Include="..\..\00-STM32F4xx_STANDARD_PERIPHERAL_DRIVERS\STM32F4xx_StdPeriph_Driver\src\stm32f4xx_gpio.c">
      <Filter>源文件\STD_Periph_Drivers</Filter>
    </ClCompile>
    <ClCompile Include="..\..\00-STM32F4xx_STANDARD_PERIPHERAL_DRIVERS\STM32F4xx_StdPeriph_Driver\src\stm32f4xx_exti.c">
      <Filter>源文件\STD_Periph_Drivers</Filter>
    </ClCompile>
    <ClCompile Include="..\..\00-STM32F4xx_STANDARD_PERIPHERAL_DRIVERS\STM32F4xx_StdPeriph_Driver\src\stm32f4xx_adc.c">
      <Filter>源文件\STD_Periph_Drivers</Filter>
    </ClCompile>
    <ClCompile Include="..\..\00-STM32F4xx_STANDARD_PERIPHERAL_DRIVERS\STM32F4xx_StdPeriph_Driver\src\stm32f4xx_i2c.c">
      <Filter>源文件\STD_Periph_Drivers</Filter>
    </ClCompile>
    <ClCompile Include="..\..\00-STM32F4xx_STANDARD_PERIPHERAL_DRIVERS\STM32F4xx_StdPeriph_Driver\src\stm32f4xx_spi.c">
      <Filter>源文件\STD_Periph_Drivers</Filter>
    </ClCompile>
    <ClCompile Include="..\..\00-STM32F4xx_STANDARD_PERIPHERAL_DRIVERS\STM32F4xx_StdPeriph_Driver\src\stm32f4xx_usart.c">
      <Filter>源文件\STD_Periph_Drivers</Filter>
    </ClCompile>
    <ClCompile Include="..\..\00-STM32F429_LIBRARIES\tm_stm32f4_disco.c">
      <Filter>源文件\TM</Filter>
    </ClCompile>
    <ClCompile Include="..\..\00-STM32F429_LIBRARIES\tm_stm32f4_usb_vcp.c">
      <Filter>源文件\TM</Filter>
    </ClCompile>
    <ClCompile Include="..\..\00-STM32F429_LIBRARIES\tm_stm32f4_gpio.c">
      <Filter>源文件\TM</Filter>
    </ClCompile>
    <ClCompile Include="..\..\00-STM32F429_LIBRARIES\tm_stm32f4_adc.c">
      <Filter>源文件\TM</Filter>
    </ClCompile>
    <ClCompile Include="..\..\00-STM32F429_LIBRARIES\tm_stm32f4_delay.c">
      <Filter>源文件\TM</Filter>
    </ClCompile>
    <ClCompile Include="..\..\00-STM32F429_LIBRARIES\tm_stm32f4_fonts.c">
      <Filter>源文件\TM</Filter>
    </ClCompile>
    <ClCompile Include="..\..\00-STM32F429_LIBRARIES\tm_stm32f4_i2c.c">
      <Filter>源文件\TM</Filter>
    </ClCompile>
    <ClCompile Include="..\..\00-STM32F429_LIBRARIES\tm_stm32f4_ili9341.c">
      <Filter>源文件\TM</Filter>
    </ClCompile>
    <ClCompile Include="..\..\00-STM32F429_LIBRARIES\tm_stm32f4_ili9341_button.c">
      <Filter>源文件\TM</Filter>
    </ClCompile>
    <ClCompile Include="..\..\00-STM32F429_LIBRARIES\tm_stm32f4_spi.c">
      <Filter>源文件\TM</Filter>
    </ClCompile>
    <ClCompile Include="..\..\00-STM32F429_LIBRARIES\tm_stm32f4_stmpe811.c">
      <Filter>源文件\TM</Filter>
    </ClCompile>
    <ClCompile Include="..\..\00-STM32F429_LIBRARIES\tm_stm32f4_usart.c">
      <Filter>源文件\TM</Filter>
    </ClCompile>
    <ClCompile Include="..\User\main.c">
      <Filter>源文件\User</Filter>
    </ClCompile>
    <ClCompile Include="..\User\stm32f4xx_it.c">
      <Filter>源文件\User</Filter>
    </ClCompile>
    <ClCompile Include="..\User\system_stm32f4xx.c">
      <Filter>源文件\User</Filter>
    </ClCompile>
    <ClCompile Include="..\User\main407.c">
      <Filter>源文件\User</Filter>
    </ClCompile>
    <ClCompile Include="..\User\ads1256.c">
      <Filter>源文件\User</Filter>
    </ClCompile>
    <ClCompile Include="..\..\00-STM32F429_LIBRARIES\usb_cdc_device\usb_bsp.c">
      <Filter>源文件\USB CDC Device</Filter>
    </ClCompile>
    <ClCompile Include="..\..\00-STM32F429_LIBRARIES\usb_cdc_device\usb_core.c">
      <Filter>源文件\USB CDC Device</Filter>
    </ClCompile>
    <ClCompile Include="..\..\00-STM32F429_LIBRARIES\usb_cdc_device\usb_dcd.c">
      <Filter>源文件\USB CDC Device</Filter>
    </ClCompile>
    <ClCompile Include="..\..\00-STM32F429_LIBRARIES\usb_cdc_device\usb_dcd_int.c">
      <Filter>源文件\USB CDC Device</Filter>
    </ClCompile>
    <ClCompile Include="..\..\00-STM32F429_LIBRARIES\usb_cdc_device\usbd_cdc_core.c">
      <Filter>源文件\USB CDC Device</Filter>
    </ClCompile>
    <ClCompile Include="..\..\00-STM32F429_LIBRARIES\usb_cdc_device\usbd_cdc_vcp.c">
      <Filter>源文件\USB CDC Device</Filter>
    </ClCompile>
    <ClCompile Include="..\..\00-STM32F429_LIBRARIES\usb_cdc_device\usbd_core.c">
      <Filter>源文件\USB CDC Device</Filter>
    </ClCompile>
    <ClCompile Include="..\..\00-STM32F429_LIBRARIES\usb_cdc_device\usbd_desc.c">
      <Filter>源文件\USB CDC Device</Filter>
    </ClCompile>
    <ClCompile Include="..\..\00-STM32F429_LIBRARIES\usb_cdc_device\usbd_ioreq.c">
      <Filter>源文件\USB CDC Device</Filter>
    </ClCompile>
    <ClCompile Include="..\..\00-STM32F429_LIBRARIES\usb_cdc_device\usbd_req.c">
      <Filter>源文件\USB CDC Device</Filter>
    </ClCompile>
    <ClCompile Include="..\..\00-STM32F429_LIBRARIES\usb_cdc_device\usbd_usr.c">
      <Filter>源文件\USB CDC Device</Filter>
    </ClCompile>
  </ItemGroup>
  <ItemGroup>
    <None Include="..\..\00-STM32F4xx_STANDARD_PERIPHERAL_DRIVERS\CMSIS\Device\ST\STM32F4xx\Include\stm32f4xx.h">
      <Filter>源文件\CMSIS</Filter>
    </None>
    <None Include="..\..\00-STM32F4xx_STANDARD_PERIPHERAL_DRIVERS\CMSIS\Device\ST\STM32F4xx\Include\system_stm32f4xx.h">
      <Filter>源文件\CMSIS</Filter>
    </None>
    <None Include="..\..\00-STM32F4xx_STANDARD_PERIPHERAL_DRIVERS\CMSIS\Device\ST\STM32F4xx\Source\Templates\arm\startup_stm32f40_41xxx.s">
      <Filter>源文件\Startup</Filter>
    </None>
    <None Include="..\..\00-STM32F4xx_STANDARD_PERIPHERAL_DRIVERS\CMSIS\Device\ST\STM32F4xx\Source\Templates\arm\startup_stm32f401xx.s">
      <Filter>源文件\Startup</Filter>
    </None>
    <None Include="..\..\00-STM32F4xx_STANDARD_PERIPHERAL_DRIVERS\CMSIS\Device\ST\STM32F4xx\Source\Templates\arm\startup_stm32f411xe.s">
      <Filter>源文件\Startup</Filter>
    </None>
    <None Include="..\..\00-STM32F4xx_STANDARD_PERIPHERAL_DRIVERS\CMSIS\Device\ST\STM32F4xx\Source\Templates\arm\startup_stm32f429_439xx.s">
      <Filter>源文件\Startup</Filter>
    </None>
    <None Include="..\..\00-STM32F4xx_STANDARD_PERIPHERAL_DRIVERS\STM32F4xx_StdPeriph_Driver\inc\stm32f4xx_adc.h">
      <Filter>源文件\TM</Filter>
    </None>
    <None Include="..\..\00-STM32F429_LIBRARIES\tm_stm32f4_disco.h">
      <Filter>源文件\TM</Filter>
    </None>
    <None Include="..\..\00-STM32F429_LIBRARIES\tm_stm32f4_usb_vcp.h">
      <Filter>源文件\TM</Filter>
    </None>
    <None Include="..\..\00-STM32F429_LIBRARIES\tm_stm32f4_gpio.h">
      <Filter>源文件\TM</Filter>
    </None>
    <None Include="..\..\00-STM32F429_LIBRARIES\tm_stm32f4_adc.h">
      <Filter>源文件\TM</Filter>
    </None>
    <None Include="..\..\00-STM32F429_LIBRARIES\tm_stm32f4_delay.h">
      <Filter>源文件\TM</Filter>
    </None>
    <None Include="..\..\00-STM32F429_LIBRARIES\tm_stm32f4_fonts.h">
      <Filter>源文件\TM</Filter>
    </None>
    <None Include="..\..\00-STM32F429_LIBRARIES\tm_stm32f4_i2c.h">
      <Filter>源文件\TM</Filter>
    </None>
    <None Include="..\..\00-STM32F429_LIBRARIES\tm_stm32f4_ili9341.h">
      <Filter>源文件\TM</Filter>
    </None>
    <None Include="..\..\00-STM32F429_LIBRARIES\tm_stm32f4_ili9341_button.h">
      <Filter>源文件\TM</Filter>
    </None>
    <None Include="..\..\00-STM32F429_LIBRARIES\tm_stm32f4_spi.h">
      <Filter>源文件\TM</Filter>
    </None>
    <None Include="..\..\00-STM32F429_LIBRARIES\tm_stm32f4_stmpe811.h">
      <Filter>源文件\TM</Filter>
    </None>
    <None Include="..\..\00-STM32F429_LIBRARIES\tm_stm32f4_usart.h">
      <Filter>源文件\TM</Filter>
    </None>
    <None Include="..\User\main.h">
      <Filter>源文件\User</Filter>
    </None>
    <None Include="..\User\defines.h">
      <Filter>源文件\User</Filter>
    </None>
    <None Include="..\User\stm32f4xx_conf.h">
      <Filter>源文件\User</Filter>
    </None>
    <None Include="..\User\stm32f4xx_it.h">
      <Filter>源文件\User</Filter>
    </None>
    <None Include="..\User\ads1256.h">
      <Filter>源文件\User</Filter>
    </None>
    <None Include="..\..\00-STM32F429_LIBRARIES\usb_cdc_device\usb_bsp.h">
      <Filter>源文件\USB CDC Device</Filter>
    </None>
    <None Include="..\..\00-STM32F429_LIBRARIES\usb_cdc_device\usb_conf.h">
      <Filter>源文件\USB CDC Device</Filter>
    </None>
    <None Include="..\..\00-STM32F429_LIBRARIES\usb_cdc_device\usb_core.h">
      <Filter>源文件\USB CDC Device</Filter>
    </None>
    <None Include="..\..\00-STM32F429_LIBRARIES\usb_cdc_device\usb_dcd.h">
      <Filter>源文件\USB CDC Device</Filter>
    </None>
    <None Include="..\..\00-STM32F429_LIBRARIES\usb_cdc_device\usb_dcd_int.h">
      <Filter>源文件\USB CDC Device</Filter>
    </None>
    <None Include="..\..\00-STM32F429_LIBRARIES\usb_cdc_device\usb_defines.h">
      <Filter>源文件\USB CDC Device</Filter>
    </None>
    <None Include="..\..\00-STM32F429_LIBRARIES\usb_cdc_device\usb_regs.h">
      <Filter>源文件\USB CDC Device</Filter>
    </None>
    <None Include="..\..\00-STM32F429_LIBRARIES\usb_cdc_device\usbd_cdc_core.h">
      <Filter>源文件\USB CDC Device</Filter>
    </None>
    <None Include="..\..\00-STM32F429_LIBRARIES\usb_cdc_device\usbd_cdc_vcp.h">
      <Filter>源文件\USB CDC Device</Filter>
    </None>
    <None Include="..\..\00-STM32F429_LIBRARIES\usb_cdc_device\usbd_conf.h">
      <Filter>源文件\USB CDC Device</Filter>
    </None>
    <None Include="..\..\00-STM32F429_LIBRARIES\usb_cdc_device\usbd_core.h">
      <Filter>源文件\USB CDC Device</Filter>
    </None>
    <None Include="..\..\00-STM32F429_LIBRARIES\usb_cdc_device\usbd_def.h">
      <Filter>源文件\USB CDC Device</Filter>
    </None>
    <None Include="..\..\00-STM32F429_LIBRARIES\usb_cdc_device\usbd_desc.h">
      <Filter>源文件\USB CDC Device</Filter>
    </None>
    <None Include="..\..\00-STM32F429_LIBRARIES\usb_cdc_device\usbd_ioreq.h">
      <Filter>源文件\USB CDC Device</Filter>
    </None>
    <None Include="..\..\00-STM32F429_LIBRARIES\usb_cdc_device\usbd_req.h">
      <Filter>源文件\USB CDC Device</Filter>
    </None>
    <None Include="..\..\00-STM32F429_LIBRARIES\usb_cdc_device\usbd_usr.h">
      <Filter>源文件\USB CDC Device</Filter>
    </None>
    <None Include="Readme.txt">
      <Filter>项目说明\</Filter>
    </None>
  </ItemGroup>
</Project>