<?xml version="1.0" encoding="utf-8"?>
<Project DefaultTargets="Build" ToolsVersion="4.0" xmlns="http://schemas.microsoft.com/developer/msbuild/2003">
  <ItemGroup>
    <Filter Include="源文件">
      <UniqueIdentifier>{5d176ece-c443-48bd-8be5-cd4f0575c5d8}</UniqueIdentifier>
      <Extensions>cpp;c;cc;cxx;def;odl;idl;hpj;bat;asm;asmx</Extensions>
    </Filter>
    <Filter Include="头文件">
      <UniqueIdentifier>{b6187d54-d765-4600-990b-c95b125e942f}</UniqueIdentifier>
      <Extensions>h;hpp;hxx;hm;inl;inc;xsd</Extensions>
    </Filter>
    <Filter Include="项目说明">
      <UniqueIdentifier>{805b11d7-4112-4146-b08e-1ef7f5191f68}</UniqueIdentifier>
      <Extensions>txt</Extensions>
    </Filter>
    <Filter Include="源文件\CMSIS">
      <UniqueIdentifier>{081a24ee-b60d-4cd2-a21f-b939fca9a46d}</UniqueIdentifier>
    </Filter>
    <Filter Include="源文件\Startup">
      <UniqueIdentifier>{9883e217-f0bf-45ea-8468-6c033a3baebb}</UniqueIdentifier>
    </Filter>
    <Filter Include="源文件\STD_Periph_Drivers">
      <UniqueIdentifier>{2185c3c2-83ca-4d1f-b259-710c07421b86}</UniqueIdentifier>
    </Filter>
    <Filter Include="源文件\TM">
      <UniqueIdentifier>{179acd27-d0e1-42ab-bf28-674818650941}</UniqueIdentifier>
    </Filter>
    <Filter Include="源文件\User">
      <UniqueIdentifier>{cbe041f3-9205-46a5-b533-1a4c4b241836}</UniqueIdentifier>
    </Filter>
    <Filter Include="源文件\USB CDC Device">
      <UniqueIdentifier>{ecb4fdc4-572e-4bac-94b1-abfaf89ae084}</UniqueIdentifier>
    </Filter>
  </ItemGroup>
  <ItemGroup>
    <ClCompile Include="..\..\00-STM32F4xx_STANDARD_PERIPHERAL_DRIVERS\STM32F4xx_StdPeriph_Driver\src\misc.c">
      <Filter>源文件\STD_Periph_Drivers</Filter>
    </ClCompile>
    <ClCompile Include="..\..\00-STM32F4xx_STANDARD_PERIPHERAL_DRIVERS\STM32F4xx_StdPeriph_Driver\src\stm32f4xx_rcc.c">
      <Filter>源文件\STD_Periph_Drivers</Filter>
    </ClCompile>
    <ClCompile Include="..\..\00-STM32F4xx_STANDARD_PERIPHERAL_DRIVERS\STM32F4xx_StdPeriph_Driver\src\stm32f4xx_gpio.c">
      <Filter>源文件\STD_Periph_Drivers</Filter>
    </ClCompile>
    <ClCompile Include="..\..\00-STM32F4xx_STANDARD_PERIPHERAL_DRIVERS\STM32F4xx_StdPeriph_Driver\src\stm32f4xx_exti.c">
      <Filter>源文件\STD_Periph_Drivers</Filter>
    </ClCompile>
    <ClCompile Include="..\..\00-STM32F4xx_STANDARD_PERIPHERAL_DRIVERS\STM32F4xx_StdPeriph_Driver\src\stm32f4xx_adc.c">
      <Filter>源文件\STD_Periph_Drivers</Filter>
    </ClCompile>
    <ClCompile Include="..\..\00-STM32F4xx_STANDARD_PERIPHERAL_DRIVERS\STM32F4xx_StdPeriph_Driver\src\stm32f4xx_i2c.c">
      <Filter>源文件\STD_Periph_Drivers</Filter>
    </ClCompile>
    <ClCompile Include="..\..\00-STM32F4xx_STANDARD_PERIPHERAL_DRIVERS\STM32F4xx_StdPeriph_Driver\src\stm32f4xx_spi.c">
      <Filter>源文件\STD_Periph_Drivers</Filter>
    </ClCompile>
    <ClCompile Include="..\..\00-STM32F4xx_STANDARD_PERIPHERAL_DRIVERS\STM32F4xx_StdPeriph_Driver\src\stm32f4xx_usart.c">
      <Filter>源文件\STD_Periph_Drivers</Filter>
    </ClCompile>
    <ClCompile Include="..\..\00-STM32F4xx_STANDARD_PERIPHERAL_DRIVERS\STM32F4xx_StdPeriph_Driver\src\stm32f4xx_syscfg.c">
      <Filter>源文件\STD_Periph_Drivers</Filter>
    </ClCompile>
    <ClCompile Include="..\..\00-STM32F429_LIBRARIES\tm_stm32f4_disco.c">
      <Filter>源文件\TM</Filter>
    </ClCompile>
    <ClCompile Include="..\..\00-STM32F429_LIBRARIES\tm_stm32f4_usb_vcp.c">
      <Filter>源文件\TM</Filter>
    </ClCompile>
    <ClCompile Include="..\..\00-STM32F429_LIBRARIES\tm_stm32f4_gpio.c">
      <Filter>源文件\TM</Filter>
    </ClCompile>
    <ClCompile Include="..\..\00-STM32F429_LIBRARIES\tm_stm32f4_adc.c">
      <Filter>源文件\TM</Filter>
    </ClCompile>
    <ClCompile Include="..\..\00-STM32F429_LIBRARIES\tm_stm32f4_delay.c">
      <Filter>源文件\TM</Filter>
    </ClCompile>
    <ClCompile Include="..\..\00-STM32F429_LIBRARIES\tm_stm32f4_fonts.c">
      <Filter>源文件\TM</Filter>
    </ClCompile>
    <ClCompile Include="..\..\00-STM32F429_LIBRARIES\tm_stm32f4_i2c.c">
      <Filter>源文件\TM</Filter>
    </ClCompile>
    <ClCompile Include="..\..\00-STM32F429_LIBRARIES\tm_stm32f4_ili9341.c">
      <Filter>源文件\TM</Filter>
    </ClCompile>
    <ClCompile Include="..\..\00-STM32F429_LIBRARIES\tm_stm32f4_ili9341_button.c">
      <Filter>源文件\TM</Filter>
    </ClCompile>
    <ClCompile Include="..\..\00-STM32F429_LIBRARIES\tm_stm32f4_spi.c">
      <Filter>源文件\TM</Filter>
    </ClCompile>
    <ClCompile Include="..\..\00-STM32F429_LIBRARIES\tm_stm32f4_stmpe811.c">
      <Filter>源文件\TM</Filter>
    </ClCompile>
    <ClCompile Include="..\..\00-STM32F429_LIBRARIES\tm_stm32f4_usart.c">
      <Filter>源文件\TM</Filter>
    </ClCompile>
    <ClCompile Include="..\User\main.c">
      <Filter>源文件\User</Filter>
    </ClCompile>
    <ClCompile Include="..\User\stm32f4xx_it.c">
      <Filter>源文件\User</Filter>
    </ClCompile>
    <ClCompile Include="..\User\system_stm32f4xx.c">
      <Filter>源文件\User</Filter>
    </ClCompile>
    <ClCompile Include="..\User\main407.c">
      <Filter>源文件\User</Filter>
    </ClCompile>
    <ClCompile Include="..\User\ads1256.c">
      <Filter>源文件\User</Filter>
    </ClCompile>
    <ClCompile Include="..\User\main401.c">
      <Filter>源文件\User</Filter>
    </ClCompile>
    <ClCompile Include="..\User\esp8266.c">
      <Filter>源文件\User</Filter>
    </ClCompile>
    <ClCompile Include="..\..\00-STM32F429_LIBRARIES\usb_cdc_device\usb_bsp.c">
      <Filter>源文件\USB CDC Device</Filter>
    </ClCompile>
    <ClCompile Include="..\..\00-STM32F429_LIBRARIES\usb_cdc_device\usb_core.c">
      <Filter>源文件\USB CDC Device</Filter>
    </ClCompile>
    <ClCompile Include="..\..\00-STM32F429_LIBRARIES\usb_cdc_device\usb_dcd.c">
      <Filter>源文件\USB CDC Device</Filter>
    </ClCompile>
    <ClCompile Include="..\..\00-STM32F429_LIBRARIES\usb_cdc_device\usb_dcd_int.c">
      <Filter>源文件\USB CDC Device</Filter>
    </ClCompile>
    <ClCompile Include="..\..\00-STM32F429_LIBRARIES\usb_cdc_device\usbd_cdc_core.c">
      <Filter>源文件\USB CDC Device</Filter>
    </ClCompile>
    <ClCompile Include="..\..\00-STM32F429_LIBRARIES\usb_cdc_device\usbd_cdc_vcp.c">
      <Filter>源文件\USB CDC Device</Filter>
    </ClCompile>
    <ClCompile Include="..\..\00-STM32F429_LIBRARIES\usb_cdc_device\usbd_core.c">
      <Filter>源文件\USB CDC Device</Filter>
    </ClCompile>
    <ClCompile Include="..\..\00-STM32F429_LIBRARIES\usb_cdc_device\usbd_desc.c">
      <Filter>源文件\USB CDC Device</Filter>
    </ClCompile>
    <ClCompile Include="..\..\00-STM32F429_LIBRARIES\usb_cdc_device\usbd_ioreq.c">
      <Filter>源文件\USB CDC Device</Filter>
    </ClCompile>
    <ClCompile Include="..\..\00-STM32F429_LIBRARIES\usb_cdc_device\usbd_req.c">
      <Filter>源文件\USB CDC Device</Filter>
    </ClCompile>
    <ClCompile Include="..\..\00-STM32F429_LIBRARIES\usb_cdc_device\usbd_usr.c">
      <Filter>源文件\USB CDC Device</Filter>
    </ClCompile>
  </ItemGroup>
  <ItemGroup>
    <None Include="..\..\00-STM32F4xx_STANDARD_PERIPHERAL_DRIVERS\CMSIS\Device\ST\STM32F4xx\Include\stm32f4xx.h">
      <Filter>源文件\CMSIS</Filter>
    </None>
    <None Include="..\..\00-STM32F4xx_STANDARD_PERIPHERAL_DRIVERS\CMSIS\Device\ST\STM32F4xx\Include\system_stm32f4xx.h">
      <Filter>源文件\CMSIS</Filter>
    </None>
    <None Include="..\..\00-STM32F4xx_STANDARD_PERIPHERAL_DRIVERS\CMSIS\Device\ST\STM32F4xx\Source\Templates\arm\startup_stm32f40_41xxx.s">
      <Filter>源文件\Startup</Filter>
    </None>
    <None Include="..\..\00-STM32F4xx_STANDARD_PERIPHERAL_DRIVERS\CMSIS\Device\ST\STM32F4xx\Source\Templates\arm\startup_stm32f401xx.s">
      <Filter>源文件\Startup</Filter>
    </None>
    <None Include="..\..\00-STM32F4xx_STANDARD_PERIPHERAL_DRIVERS\CMSIS\Device\ST\STM32F4xx\Source\Templates\arm\startup_stm32f411xe.s">
      <Filter>源文件\Startup</Filter>
    </None>
    <None Include="..\..\00-STM32F4xx_STANDARD_PERIPHERAL_DRIVERS\CMSIS\Device\ST\STM32F4xx\Source\Templates\arm\startup_stm32f429_439xx.s">
      <Filter>源文件\Startup</Filter>
    </None>
    <None Include="..\..\00-STM32F4xx_STANDARD_PERIPHERAL_DRIVERS\STM32F4xx_StdPeriph_Driver\inc\stm32f4xx_adc.h">
      <Filter>源文件\TM</Filter>
    </None>
    <None Include="..\..\00-STM32F429_LIBRARIES\tm_stm32f4_disco.h">
      <Filter>源文件\TM</Filter>
    </None>
    <None Include="..\..\00-STM32F429_LIBRARIES\tm_stm32f4_usb_vcp.h">
      <Filter>源文件\TM</Filter>
    </None>
    <None Include="..\..\00-STM32F429_LIBRARIES\tm_stm32f4_gpio.h">
      <Filter>源文件\TM</Filter>
    </None>
    <None Include="..\..\00-STM32F429_LIBRARIES\tm_stm32f4_adc.h">
      <Filter>源文件\TM</Filter>
    </None>
    <None Include="..\..\00-STM32F429_LIBRARIES\tm_stm32f4_delay.h">
      <Filter>源文件\TM</Filter>
    </None>
    <None Include="..\..\00-STM32F429_LIBRARIES\tm_stm32f4_fonts.h">
      <Filter>源文件\TM</Filter>
    </None>
    <None Include="..\..\00-STM32F429_LIBRARIES\tm_stm32f4_i2c.h">
      <Filter>源文件\TM</Filter>
    </None>
    <None Include="..\..\00-STM32F429_LIBRARIES\tm_stm32f4_ili9341.h">
      <Filter>源文件\TM</Filter>
    </None>
    <None Include="..\..\00-STM32F429_LIBRARIES\tm_stm32f4_ili9341_button.h">
      <Filter>源文件\TM</Filter>
    </None>
    <None Include="..\..\00-STM32F429_LIBRARIES\tm_stm32f4_spi.h">
      <Filter>源文件\TM</Filter>
    </None>
    <None Include="..\..\00-STM32F429_LIBRARIES\tm_stm32f4_stmpe811.h">
      <Filter>源文件\TM</Filter>
    </None>
    <None Include="..\..\00-STM32F429_LIBRARIES\tm_stm32f4_usart.h">
      <Filter>源文件\TM</Filter>
    </None>
    <None Include="..\User\main.h">
      <Filter>源文件\User</Filter>
    </None>
    <None Include="..\User\defines.h">
      <Filter>源文件\User</Filter>
    </None>
    <None Include="..\User\stm32f4xx_conf.h">
      <Filter>源文件\User</Filter>
    </None>
    <None Include="..\User\stm32f4xx_it.h">
      <Filter>源文件\User</Filter>
    </None>
    <None Include="..\User\ads1256.h">
      <Filter>源文件\User</Filter>
    </None>
    <None Include="..\User\esp8266.h">
      <Filter>源文件\User</Filter>
    </None>
    <None Include="..\..\00-STM32F429_LIBRARIES\usb_cdc_device\usb_bsp.h">
      <Filter>源文件\USB CDC Device</Filter>
    </None>
    <None Include="..\..\00-STM32F429_LIBRARIES\usb_cdc_device\usb_conf.h">
      <Filter>源文件\USB CDC Device</Filter>
    </None>
    <None Include="..\..\00-STM32F429_LIBRARIES\usb_cdc_device\usb_core.h">
      <Filter>源文件\USB CDC Device</Filter>
    </None>
    <None Include="..\..\00-STM32F429_LIBRARIES\usb_cdc_device\usb_dcd.h">
      <Filter>源文件\USB CDC Device</Filter>
    </None>
    <None Include="..\..\00-STM32F429_LIBRARIES\usb_cdc_device\usb_dcd_int.h">
      <Filter>源文件\USB CDC Device</Filter>
    </None>
    <None Include="..\..\00-STM32F429_LIBRARIES\usb_cdc_device\usb_defines.h">
      <Filter>源文件\USB CDC Device</Filter>
    </None>
    <None Include="..\..\00-STM32F429_LIBRARIES\usb_cdc_device\usb_regs.h">
      <Filter>源文件\USB CDC Device</Filter>
    </None>
    <None Include="..\..\00-STM32F429_LIBRARIES\usb_cdc_device\usbd_cdc_core.h">
      <Filter>源文件\USB CDC Device</Filter>
    </None>
    <None Include="..\..\00-STM32F429_LIBRARIES\usb_cdc_device\usbd_cdc_vcp.h">
      <Filter>源文件\USB CDC Device</Filter>
    </None>
    <None Include="..\..\00-STM32F429_LIBRARIES\usb_cdc_device\usbd_conf.h">
      <Filter>源文件\USB CDC Device</Filter>
    </None>
    <None Include="..\..\00-STM32F429_LIBRARIES\usb_cdc_device\usbd_core.h">
      <Filter>源文件\USB CDC Device</Filter>
    </None>
    <None Include="..\..\00-STM32F429_LIBRARIES\usb_cdc_device\usbd_def.h">
      <Filter>源文件\USB CDC Device</Filter>
    </None>
    <None Include="..\..\00-STM32F429_LIBRARIES\usb_cdc_device\usbd_desc.h">
      <Filter>源文件\USB CDC Device</Filter>
    </None>
    <None Include="..\..\00-STM32F429_LIBRARIES\usb_cdc_device\usbd_ioreq.h">
      <Filter>源文件\USB CDC Device</Filter>
    </None>
    <None Include="..\..\00-STM32F429_LIBRARIES\usb_cdc_device\usbd_req.h">
      <Filter>源文件\USB CDC Device</Filter>
    </None>
    <None Include="..\..\00-STM32F429_LIBRARIES\usb_cdc_device\usbd_usr.h">
      <Filter>源文件\USB CDC Device</Filter>
    </None>
    <None Include="Readme.txt">
      <Filter>项目说明\</Filter>
    </None>
  </ItemGroup>
</Project>